
Microsoft Visual Studio Solution File, Format Version 12.00
# Visual Studio Version 17
VisualStudioVersion = 17.3.32929.385
MinimumVisualStudioVersion = 10.0.40219.1
Project("{9A19103F-16F7-4668-BE54-9A1E7A4F7556}") = "Entities", "Entities\Entities.csproj", "{7DC1239A-AAFC-4EA3-9CB9-F65310986B79}"
EndProject
Project("{9A19103F-16F7-4668-BE54-9A1E7A4F7556}") = "Core", "Core\Core.csproj", "{FBE1CA1D-2DB0-40E1-B427-B02327FC7C8C}"
EndProject
Project("{9A19103F-16F7-4668-BE54-9A1E7A4F7556}") = "DataAccess", "DataAccess\DataAccess.csproj", "{076E0AFB-2524-476D-A311-DB5F23E8AFC7}"
EndProject
Project("{9A19103F-16F7-4668-BE54-9A1E7A4F7556}") = "Business", "Business\Business.csproj", "{B693402F-36E9-409E-BE94-EA90D80C677D}"
EndProject
Project("{FAE04EC0-301F-11D3-BF4B-00C04F79EFBC}") = "WebAPI", "WebAPI\WebAPI.csproj", "{0BB11887-890A-4FA8-91DE-2D4A04903D2E}"
EndProject
Global
	GlobalSection(SolutionConfigurationPlatforms) = preSolution
		Debug|Any CPU = Debug|Any CPU
		Release|Any CPU = Release|Any CPU
	EndGlobalSection
	GlobalSection(ProjectConfigurationPlatforms) = postSolution
		{7DC1239A-AAFC-4EA3-9CB9-F65310986B79}.Debug|Any CPU.ActiveCfg = Debug|Any CPU
		{7DC1239A-AAFC-4EA3-9CB9-F65310986B79}.Debug|Any CPU.Build.0 = Debug|Any CPU
		{7DC1239A-AAFC-4EA3-9CB9-F65310986B79}.Release|Any CPU.ActiveCfg = Release|Any CPU
		{7DC1239A-AAFC-4EA3-9CB9-F65310986B79}.Release|Any CPU.Build.0 = Release|Any CPU
		{FBE1CA1D-2DB0-40E1-B427-B02327FC7C8C}.Debug|Any CPU.ActiveCfg = Debug|Any CPU
		{FBE1CA1D-2DB0-40E1-B427-B02327FC7C8C}.Debug|Any CPU.Build.0 = Debug|Any CPU
		{FBE1CA1D-2DB0-40E1-B427-B02327FC7C8C}.Release|Any CPU.ActiveCfg = Release|Any CPU
		{FBE1CA1D-2DB0-40E1-B427-B02327FC7C8C}.Release|Any CPU.Build.0 = Release|Any CPU
		{076E0AFB-2524-476D-A311-DB5F23E8AFC7}.Debug|Any CPU.ActiveCfg = Debug|Any CPU
		{076E0AFB-2524-476D-A311-DB5F23E8AFC7}.Debug|Any CPU.Build.0 = Debug|Any CPU
		{076E0AFB-2524-476D-A311-DB5F23E8AFC7}.Release|Any CPU.ActiveCfg = Release|Any CPU
		{076E0AFB-2524-476D-A311-DB5F23E8AFC7}.Release|Any CPU.Build.0 = Release|Any CPU
		{B693402F-36E9-409E-BE94-EA90D80C677D}.Debug|Any CPU.ActiveCfg = Debug|Any CPU
		{B693402F-36E9-409E-BE94-EA90D80C677D}.Debug|Any CPU.Build.0 = Debug|Any CPU
		{B693402F-36E9-409E-BE94-EA90D80C677D}.Release|Any CPU.ActiveCfg = Release|Any CPU
		{B693402F-36E9-409E-BE94-EA90D80C677D}.Release|Any CPU.Build.0 = Release|Any CPU
		{0BB11887-890A-4FA8-91DE-2D4A04903D2E}.Debug|Any CPU.ActiveCfg = Debug|Any CPU
		{0BB11887-890A-4FA8-91DE-2D4A04903D2E}.Debug|Any CPU.Build.0 = Debug|Any CPU
		{0BB11887-890A-4FA8-91DE-2D4A04903D2E}.Release|Any CPU.ActiveCfg = Release|Any CPU
		{0BB11887-890A-4FA8-91DE-2D4A04903D2E}.Release|Any CPU.Build.0 = Release|Any CPU
	EndGlobalSection
	GlobalSection(SolutionProperties) = preSolution
		HideSolutionNode = FALSE
	EndGlobalSection
	GlobalSection(ExtensibilityGlobals) = postSolution
		SolutionGuid = {6B2C56C6-80C9-455B-8632-818457E98AE9}
	EndGlobalSection
EndGlobal
